// !$*UTF8*$!
{
	archiveVersion = 1;
	classes = {
	};
	objectVersion = 46;
	objects = {

/* Begin PBXBuildFile section */
		0E38B43EC890BB89462954EB /* Pods_IU_Campus_Map.framework in Frameworks */ = {isa = PBXBuildFile; fileRef = DD169971173B598FC52EDFE7 /* Pods_IU_Campus_Map.framework */; };
		2B1B4A341DEAEB6B00EAC81A /* mapData_model.swift in Sources */ = {isa = PBXBuildFile; fileRef = 2B1B4A331DEAEB6B00EAC81A /* mapData_model.swift */; };
		2B42279C1DD8E52D000E0DDA /* Filter_ViewController.swift in Sources */ = {isa = PBXBuildFile; fileRef = 2B42279B1DD8E52D000E0DDA /* Filter_ViewController.swift */; };
		2BE37D9C1DCEBFB400EFB329 /* AppDelegate.swift in Sources */ = {isa = PBXBuildFile; fileRef = 2BE37D9B1DCEBFB400EFB329 /* AppDelegate.swift */; };
		2BE37D9E1DCEBFB400EFB329 /* ViewController.swift in Sources */ = {isa = PBXBuildFile; fileRef = 2BE37D9D1DCEBFB400EFB329 /* ViewController.swift */; };
		2BE37DA11DCEBFB400EFB329 /* Main.storyboard in Resources */ = {isa = PBXBuildFile; fileRef = 2BE37D9F1DCEBFB400EFB329 /* Main.storyboard */; };
		2BE37DA41DCEBFB400EFB329 /* IU_Campus_Map.xcdatamodeld in Sources */ = {isa = PBXBuildFile; fileRef = 2BE37DA21DCEBFB400EFB329 /* IU_Campus_Map.xcdatamodeld */; };
		2BE37DA61DCEBFB400EFB329 /* Assets.xcassets in Resources */ = {isa = PBXBuildFile; fileRef = 2BE37DA51DCEBFB400EFB329 /* Assets.xcassets */; };
		2BE37DA91DCEBFB400EFB329 /* LaunchScreen.storyboard in Resources */ = {isa = PBXBuildFile; fileRef = 2BE37DA71DCEBFB400EFB329 /* LaunchScreen.storyboard */; };
		2BE37DB11DCEC47C00EFB329 /* globalVariables.swift in Sources */ = {isa = PBXBuildFile; fileRef = 2BE37DB01DCEC47C00EFB329 /* globalVariables.swift */; };
		2BE37DB31DCEC76800EFB329 /* data.json in Resources */ = {isa = PBXBuildFile; fileRef = 2BE37DB21DCEC76800EFB329 /* data.json */; };
/* End PBXBuildFile section */

/* Begin PBXFileReference section */
		170EA29A5B22C08F19A2A67E /* Pods-IU Campus Map.debug.xcconfig */ = {isa = PBXFileReference; includeInIndex = 1; lastKnownFileType = text.xcconfig; name = "Pods-IU Campus Map.debug.xcconfig"; path = "Pods/Target Support Files/Pods-IU Campus Map/Pods-IU Campus Map.debug.xcconfig"; sourceTree = "<group>"; };
		2B1B4A331DEAEB6B00EAC81A /* mapData_model.swift */ = {isa = PBXFileReference; fileEncoding = 4; lastKnownFileType = sourcecode.swift; path = mapData_model.swift; sourceTree = "<group>"; };
		2B42279B1DD8E52D000E0DDA /* Filter_ViewController.swift */ = {isa = PBXFileReference; fileEncoding = 4; lastKnownFileType = sourcecode.swift; path = Filter_ViewController.swift; sourceTree = "<group>"; };
		2BE37D981DCEBFB400EFB329 /* IU Campus Map.app */ = {isa = PBXFileReference; explicitFileType = wrapper.application; includeInIndex = 0; path = "IU Campus Map.app"; sourceTree = BUILT_PRODUCTS_DIR; };
		2BE37D9B1DCEBFB400EFB329 /* AppDelegate.swift */ = {isa = PBXFileReference; lastKnownFileType = sourcecode.swift; path = AppDelegate.swift; sourceTree = "<group>"; };
		2BE37D9D1DCEBFB400EFB329 /* ViewController.swift */ = {isa = PBXFileReference; lastKnownFileType = sourcecode.swift; path = ViewController.swift; sourceTree = "<group>"; };
		2BE37DA01DCEBFB400EFB329 /* Base */ = {isa = PBXFileReference; lastKnownFileType = file.storyboard; name = Base; path = Base.lproj/Main.storyboard; sourceTree = "<group>"; };
		2BE37DA31DCEBFB400EFB329 /* IU_Campus_Map.xcdatamodel */ = {isa = PBXFileReference; lastKnownFileType = wrapper.xcdatamodel; path = IU_Campus_Map.xcdatamodel; sourceTree = "<group>"; };
		2BE37DA51DCEBFB400EFB329 /* Assets.xcassets */ = {isa = PBXFileReference; lastKnownFileType = folder.assetcatalog; path = Assets.xcassets; sourceTree = "<group>"; };
		2BE37DA81DCEBFB400EFB329 /* Base */ = {isa = PBXFileReference; lastKnownFileType = file.storyboard; name = Base; path = Base.lproj/LaunchScreen.storyboard; sourceTree = "<group>"; };
		2BE37DAA1DCEBFB400EFB329 /* Info.plist */ = {isa = PBXFileReference; lastKnownFileType = text.plist.xml; path = Info.plist; sourceTree = "<group>"; };
		2BE37DB01DCEC47C00EFB329 /* globalVariables.swift */ = {isa = PBXFileReference; fileEncoding = 4; lastKnownFileType = sourcecode.swift; path = globalVariables.swift; sourceTree = "<group>"; };
		2BE37DB21DCEC76800EFB329 /* data.json */ = {isa = PBXFileReference; fileEncoding = 4; lastKnownFileType = text.json; path = data.json; sourceTree = "<group>"; };
		DD169971173B598FC52EDFE7 /* Pods_IU_Campus_Map.framework */ = {isa = PBXFileReference; explicitFileType = wrapper.framework; includeInIndex = 0; path = Pods_IU_Campus_Map.framework; sourceTree = BUILT_PRODUCTS_DIR; };
		EEA52253A69FE693CD546B19 /* Pods-IU Campus Map.release.xcconfig */ = {isa = PBXFileReference; includeInIndex = 1; lastKnownFileType = text.xcconfig; name = "Pods-IU Campus Map.release.xcconfig"; path = "Pods/Target Support Files/Pods-IU Campus Map/Pods-IU Campus Map.release.xcconfig"; sourceTree = "<group>"; };
/* End PBXFileReference section */

/* Begin PBXFrameworksBuildPhase section */
		2BE37D951DCEBFB400EFB329 /* Frameworks */ = {
			isa = PBXFrameworksBuildPhase;
			buildActionMask = 2147483647;
			files = (
				0E38B43EC890BB89462954EB /* Pods_IU_Campus_Map.framework in Frameworks */,
			);
			runOnlyForDeploymentPostprocessing = 0;
		};
/* End PBXFrameworksBuildPhase section */

/* Begin PBXGroup section */
		0CCF667DD0A595289678D561 /* Pods */ = {
			isa = PBXGroup;
			children = (
				170EA29A5B22C08F19A2A67E /* Pods-IU Campus Map.debug.xcconfig */,
				EEA52253A69FE693CD546B19 /* Pods-IU Campus Map.release.xcconfig */,
			);
			name = Pods;
			sourceTree = "<group>";
		};
		2BE37D8F1DCEBFB400EFB329 = {
			isa = PBXGroup;
			children = (
				2BE37D9A1DCEBFB400EFB329 /* IU Campus Map */,
				2BE37D991DCEBFB400EFB329 /* Products */,
				0CCF667DD0A595289678D561 /* Pods */,
				9C413C658AD19D5831698396 /* Frameworks */,
			);
			sourceTree = "<group>";
		};
		2BE37D991DCEBFB400EFB329 /* Products */ = {
			isa = PBXGroup;
			children = (
				2BE37D981DCEBFB400EFB329 /* IU Campus Map.app */,
			);
			name = Products;
			sourceTree = "<group>";
		};
		2BE37D9A1DCEBFB400EFB329 /* IU Campus Map */ = {
			isa = PBXGroup;
			children = (
				2BE37D9B1DCEBFB400EFB329 /* AppDelegate.swift */,
				2BE37D9D1DCEBFB400EFB329 /* ViewController.swift */,
				2B1B4A331DEAEB6B00EAC81A /* mapData_model.swift */,
				2B42279B1DD8E52D000E0DDA /* Filter_ViewController.swift */,
				2BE37DB01DCEC47C00EFB329 /* globalVariables.swift */,
				2BE37D9F1DCEBFB400EFB329 /* Main.storyboard */,
				2BE37DA51DCEBFB400EFB329 /* Assets.xcassets */,
				2BE37DA71DCEBFB400EFB329 /* LaunchScreen.storyboard */,
				2BE37DB21DCEC76800EFB329 /* data.json */,
				2BE37DAA1DCEBFB400EFB329 /* Info.plist */,
				2BE37DA21DCEBFB400EFB329 /* IU_Campus_Map.xcdatamodeld */,
			);
			path = "IU Campus Map";
			sourceTree = "<group>";
		};
		9C413C658AD19D5831698396 /* Frameworks */ = {
			isa = PBXGroup;
			children = (
				DD169971173B598FC52EDFE7 /* Pods_IU_Campus_Map.framework */,
			);
			name = Frameworks;
			sourceTree = "<group>";
		};
/* End PBXGroup section */

/* Begin PBXNativeTarget section */
		2BE37D971DCEBFB400EFB329 /* IU Campus Map */ = {
			isa = PBXNativeTarget;
			buildConfigurationList = 2BE37DAD1DCEBFB400EFB329 /* Build configuration list for PBXNativeTarget "IU Campus Map" */;
			buildPhases = (
				57299E68EC9802B6616656E4 /* [CP] Check Pods Manifest.lock */,
				2BE37D941DCEBFB400EFB329 /* Sources */,
				2BE37D951DCEBFB400EFB329 /* Frameworks */,
				2BE37D961DCEBFB400EFB329 /* Resources */,
				ACADA897A46CB1F9812003E7 /* [CP] Embed Pods Frameworks */,
				FE5AA4905F6B74F7F7288CFC /* [CP] Copy Pods Resources */,
			);
			buildRules = (
			);
			dependencies = (
			);
			name = "IU Campus Map";
			productName = "IU Campus Map";
			productReference = 2BE37D981DCEBFB400EFB329 /* IU Campus Map.app */;
			productType = "com.apple.product-type.application";
		};
/* End PBXNativeTarget section */

/* Begin PBXProject section */
		2BE37D901DCEBFB400EFB329 /* Project object */ = {
			isa = PBXProject;
			attributes = {
				LastSwiftUpdateCheck = 0800;
				LastUpgradeCheck = 0800;
				TargetAttributes = {
					2BE37D971DCEBFB400EFB329 = {
						CreatedOnToolsVersion = 8.0;
						DevelopmentTeam = 6PGC26D2WG;
						ProvisioningStyle = Automatic;
					};
				};
			};
			buildConfigurationList = 2BE37D931DCEBFB400EFB329 /* Build configuration list for PBXProject "IU Campus Map" */;
			compatibilityVersion = "Xcode 3.2";
			developmentRegion = English;
			hasScannedForEncodings = 0;
			knownRegions = (
				en,
				Base,
			);
			mainGroup = 2BE37D8F1DCEBFB400EFB329;
			productRefGroup = 2BE37D991DCEBFB400EFB329 /* Products */;
			projectDirPath = "";
			projectRoot = "";
			targets = (
				2BE37D971DCEBFB400EFB329 /* IU Campus Map */,
			);
		};
/* End PBXProject section */

/* Begin PBXResourcesBuildPhase section */
		2BE37D961DCEBFB400EFB329 /* Resources */ = {
			isa = PBXResourcesBuildPhase;
			buildActionMask = 2147483647;
			files = (
				2BE37DA91DCEBFB400EFB329 /* LaunchScreen.storyboard in Resources */,
				2BE37DA61DCEBFB400EFB329 /* Assets.xcassets in Resources */,
				2BE37DA11DCEBFB400EFB329 /* Main.storyboard in Resources */,
				2BE37DB31DCEC76800EFB329 /* data.json in Resources */,
			);
			runOnlyForDeploymentPostprocessing = 0;
		};
/* End PBXResourcesBuildPhase section */

/* Begin PBXShellScriptBuildPhase section */
		57299E68EC9802B6616656E4 /* [CP] Check Pods Manifest.lock */ = {
			isa = PBXShellScriptBuildPhase;
			buildActionMask = 2147483647;
			files = (
			);
			inputPaths = (
			);
			name = "[CP] Check Pods Manifest.lock";
			outputPaths = (
			);
			runOnlyForDeploymentPostprocessing = 0;
			shellPath = /bin/sh;
			shellScript = "diff \"${PODS_ROOT}/../Podfile.lock\" \"${PODS_ROOT}/Manifest.lock\" > /dev/null\nif [ $? != 0 ] ; then\n    # print error to STDERR\n    echo \"error: The sandbox is not in sync with the Podfile.lock. Run 'pod install' or update your CocoaPods installation.\" >&2\n    exit 1\nfi\n";
			showEnvVarsInLog = 0;
		};
		ACADA897A46CB1F9812003E7 /* [CP] Embed Pods Frameworks */ = {
			isa = PBXShellScriptBuildPhase;
			buildActionMask = 2147483647;
			files = (
			);
			inputPaths = (
			);
			name = "[CP] Embed Pods Frameworks";
			outputPaths = (
			);
			runOnlyForDeploymentPostprocessing = 0;
			shellPath = /bin/sh;
			shellScript = "\"${SRCROOT}/Pods/Target Support Files/Pods-IU Campus Map/Pods-IU Campus Map-frameworks.sh\"\n";
			showEnvVarsInLog = 0;
		};
		FE5AA4905F6B74F7F7288CFC /* [CP] Copy Pods Resources */ = {
			isa = PBXShellScriptBuildPhase;
			buildActionMask = 2147483647;
			files = (
			);
			inputPaths = (
			);
			name = "[CP] Copy Pods Resources";
			outputPaths = (
			);
			runOnlyForDeploymentPostprocessing = 0;
			shellPath = /bin/sh;
			shellScript = "\"${SRCROOT}/Pods/Target Support Files/Pods-IU Campus Map/Pods-IU Campus Map-resources.sh\"\n";
			showEnvVarsInLog = 0;
		};
/* End PBXShellScriptBuildPhase section */

/* Begin PBXSourcesBuildPhase section */
		2BE37D941DCEBFB400EFB329 /* Sources */ = {
			isa = PBXSourcesBuildPhase;
			buildActionMask = 2147483647;
			files = (
				2BE37DA41DCEBFB400EFB329 /* IU_Campus_Map.xcdatamodeld in Sources */,
				2B42279C1DD8E52D000E0DDA /* Filter_ViewController.swift in Sources */,
				2B1B4A341DEAEB6B00EAC81A /* mapData_model.swift in Sources */,
				2BE37D9E1DCEBFB400EFB329 /* ViewController.swift in Sources */,
				2BE37DB11DCEC47C00EFB329 /* globalVariables.swift in Sources */,
				2BE37D9C1DCEBFB400EFB329 /* AppDelegate.swift in Sources */,
			);
			runOnlyForDeploymentPostprocessing = 0;
		};
/* End PBXSourcesBuildPhase section */

/* Begin PBXVariantGroup section */
		2BE37D9F1DCEBFB400EFB329 /* Main.storyboard */ = {
			isa = PBXVariantGroup;
			children = (
				2BE37DA01DCEBFB400EFB329 /* Base */,
			);
			name = Main.storyboard;
			sourceTree = "<group>";
		};
		2BE37DA71DCEBFB400EFB329 /* LaunchScreen.storyboard */ = {
			isa = PBXVariantGroup;
			children = (
				2BE37DA81DCEBFB400EFB329 /* Base */,
			);
			name = LaunchScreen.storyboard;
			sourceTree = "<group>";
		};
/* End PBXVariantGroup section */

/* Begin XCBuildConfiguration section */
		2BE37DAB1DCEBFB400EFB329 /* Debug */ = {
			isa = XCBuildConfiguration;
			buildSettings = {
				ALWAYS_SEARCH_USER_PATHS = NO;
				CLANG_ANALYZER_NONNULL = YES;
				CLANG_CXX_LANGUAGE_STANDARD = "gnu++0x";
				CLANG_CXX_LIBRARY = "libc++";
				CLANG_ENABLE_MODULES = YES;
				CLANG_ENABLE_OBJC_ARC = YES;
				CLANG_WARN_BOOL_CONVERSION = YES;
				CLANG_WARN_CONSTANT_CONVERSION = YES;
				CLANG_WARN_DIRECT_OBJC_ISA_USAGE = YES_ERROR;
				CLANG_WARN_DOCUMENTATION_COMMENTS = YES;
				CLANG_WARN_EMPTY_BODY = YES;
				CLANG_WARN_ENUM_CONVERSION = YES;
				CLANG_WARN_INFINITE_RECURSION = YES;
				CLANG_WARN_INT_CONVERSION = YES;
				CLANG_WARN_OBJC_ROOT_CLASS = YES_ERROR;
				CLANG_WARN_SUSPICIOUS_MOVES = YES;
				CLANG_WARN_UNREACHABLE_CODE = YES;
				CLANG_WARN__DUPLICATE_METHOD_MATCH = YES;
				"CODE_SIGN_IDENTITY[sdk=iphoneos*]" = "iPhone Developer";
				COPY_PHASE_STRIP = NO;
				DEBUG_INFORMATION_FORMAT = dwarf;
				ENABLE_STRICT_OBJC_MSGSEND = YES;
				ENABLE_TESTABILITY = YES;
				GCC_C_LANGUAGE_STANDARD = gnu99;
				GCC_DYNAMIC_NO_PIC = NO;
				GCC_NO_COMMON_BLOCKS = YES;
				GCC_OPTIMIZATION_LEVEL = 0;
				GCC_PREPROCESSOR_DEFINITIONS = (
					"DEBUG=1",
					"$(inherited)",
				);
				GCC_WARN_64_TO_32_BIT_CONVERSION = YES;
				GCC_WARN_ABOUT_RETURN_TYPE = YES_ERROR;
				GCC_WARN_UNDECLARED_SELECTOR = YES;
				GCC_WARN_UNINITIALIZED_AUTOS = YES_AGGRESSIVE;
				GCC_WARN_UNUSED_FUNCTION = YES;
				GCC_WARN_UNUSED_VARIABLE = YES;
				IPHONEOS_DEPLOYMENT_TARGET = 10.0;
				MTL_ENABLE_DEBUG_INFO = YES;
				ONLY_ACTIVE_ARCH = YES;
				SDKROOT = iphoneos;
				SWIFT_ACTIVE_COMPILATION_CONDITIONS = DEBUG;
				SWIFT_OPTIMIZATION_LEVEL = "-Onone";
				TARGETED_DEVICE_FAMILY = "1,2";
			};
			name = Debug;
		};
		2BE37DAC1DCEBFB400EFB329 /* Release */ = {
			isa = XCBuildConfiguration;
			buildSettings = {
				ALWAYS_SEARCH_USER_PATHS = NO;
				CLANG_ANALYZER_NONNULL = YES;
				CLANG_CXX_LANGUAGE_STANDARD = "gnu++0x";
				CLANG_CXX_LIBRARY = "libc++";
				CLANG_ENABLE_MODULES = YES;
				CLANG_ENABLE_OBJC_ARC = YES;
				CLANG_WARN_BOOL_CONVERSION = YES;
				CLANG_WARN_CONSTANT_CONVERSION = YES;
				CLANG_WARN_DIRECT_OBJC_ISA_USAGE = YES_ERROR;
				CLANG_WARN_DOCUMENTATION_COMMENTS = YES;
				CLANG_WARN_EMPTY_BODY = YES;
				CLANG_WARN_ENUM_CONVERSION = YES;
				CLANG_WARN_INFINITE_RECURSION = YES;
				CLANG_WARN_INT_CONVERSION = YES;
				CLANG_WARN_OBJC_ROOT_CLASS = YES_ERROR;
				CLANG_WARN_SUSPICIOUS_MOVES = YES;
				CLANG_WARN_UNREACHABLE_CODE = YES;
				CLANG_WARN__DUPLICATE_METHOD_MATCH = YES;
				"CODE_SIGN_IDENTITY[sdk=iphoneos*]" = "iPhone Developer";
				COPY_PHASE_STRIP = NO;
				DEBUG_INFORMATION_FORMAT = "dwarf-with-dsym";
				ENABLE_NS_ASSERTIONS = NO;
				ENABLE_STRICT_OBJC_MSGSEND = YES;
				GCC_C_LANGUAGE_STANDARD = gnu99;
				GCC_NO_COMMON_BLOCKS = YES;
				GCC_WARN_64_TO_32_BIT_CONVERSION = YES;
				GCC_WARN_ABOUT_RETURN_TYPE = YES_ERROR;
				GCC_WARN_UNDECLARED_SELECTOR = YES;
				GCC_WARN_UNINITIALIZED_AUTOS = YES_AGGRESSIVE;
				GCC_WARN_UNUSED_FUNCTION = YES;
				GCC_WARN_UNUSED_VARIABLE = YES;
				IPHONEOS_DEPLOYMENT_TARGET = 10.0;
				MTL_ENABLE_DEBUG_INFO = NO;
				SDKROOT = iphoneos;
				SWIFT_OPTIMIZATION_LEVEL = "-Owholemodule";
				TARGETED_DEVICE_FAMILY = "1,2";
				VALIDATE_PRODUCT = YES;
			};
			name = Release;
		};
		2BE37DAE1DCEBFB400EFB329 /* Debug */ = {
			isa = XCBuildConfiguration;
			baseConfigurationReference = 170EA29A5B22C08F19A2A67E /* Pods-IU Campus Map.debug.xcconfig */;
			buildSettings = {
				ASSETCATALOG_COMPILER_APPICON_NAME = AppIcon;
				DEVELOPMENT_TEAM = 6PGC26D2WG;
				INFOPLIST_FILE = "IU Campus Map/Info.plist";
				LD_RUNPATH_SEARCH_PATHS = "$(inherited) @executable_path/Frameworks";
				PRODUCT_BUNDLE_IDENTIFIER = "liambolling.IU-Campus-Map";
				PRODUCT_NAME = "$(TARGET_NAME)";
				SWIFT_VERSION = 3.0;
			};
			name = Debug;
		};
		2BE37DAF1DCEBFB400EFB329 /* Release */ = {
			isa = XCBuildConfiguration;
			baseConfigurationReference = EEA52253A69FE693CD546B19 /* Pods-IU Campus Map.release.xcconfig */;
			buildSettings = {
				ASSETCATALOG_COMPILER_APPICON_NAME = AppIcon;
				DEVELOPMENT_TEAM = 6PGC26D2WG;
				INFOPLIST_FILE = "IU Campus Map/Info.plist";
				LD_RUNPATH_SEARCH_PATHS = "$(inherited) @executable_path/Frameworks";
				PRODUCT_BUNDLE_IDENTIFIER = "liambolling.IU-Campus-Map";
				PRODUCT_NAME = "$(TARGET_NAME)";
				SWIFT_VERSION = 3.0;
			};
			name = Release;
		};
/* End XCBuildConfiguration section */

/* Begin XCConfigurationList section */
		2BE37D931DCEBFB400EFB329 /* Build configuration list for PBXProject "IU Campus Map" */ = {
			isa = XCConfigurationList;
			buildConfigurations = (
				2BE37DAB1DCEBFB400EFB329 /* Debug */,
				2BE37DAC1DCEBFB400EFB329 /* Release */,
			);
			defaultConfigurationIsVisible = 0;
			defaultConfigurationName = Release;
		};
		2BE37DAD1DCEBFB400EFB329 /* Build configuration list for PBXNativeTarget "IU Campus Map" */ = {
			isa = XCConfigurationList;
			buildConfigurations = (
				2BE37DAE1DCEBFB400EFB329 /* Debug */,
				2BE37DAF1DCEBFB400EFB329 /* Release */,
			);
			defaultConfigurationIsVisible = 0;
			defaultConfigurationName = Release;
		};
/* End XCConfigurationList section */

/* Begin XCVersionGroup section */
		2BE37DA21DCEBFB400EFB329 /* IU_Campus_Map.xcdatamodeld */ = {
			isa = XCVersionGroup;
			children = (
				2BE37DA31DCEBFB400EFB329 /* IU_Campus_Map.xcdatamodel */,
			);
			currentVersion = 2BE37DA31DCEBFB400EFB329 /* IU_Campus_Map.xcdatamodel */;
			path = IU_Campus_Map.xcdatamodeld;
			sourceTree = "<group>";
			versionGroupType = wrapper.xcdatamodel;
		};
/* End XCVersionGroup section */
	};
	rootObject = 2BE37D901DCEBFB400EFB329 /* Project object */;
}
